
Microsoft Visual Studio Solution File, Format Version 12.00
# Visual Studio Version 17
VisualStudioVersion = 17.4.33205.214
MinimumVisualStudioVersion = 10.0.40219.1
Project("{FAE04EC0-301F-11D3-BF4B-00C04F79EFBC}") = "Lesson_1", "Lesson_1\Lesson_1.csproj", "{FD125858-C4F0-4AC7-AA92-3F7557041381}"
EndProject
Global
	GlobalSection(SolutionConfigurationPlatforms) = preSolution
		Debug|Any CPU = Debug|Any CPU
		Release|Any CPU = Release|Any CPU
	EndGlobalSection
	GlobalSection(ProjectConfigurationPlatforms) = postSolution
		{FD125858-C4F0-4AC7-AA92-3F7557041381}.Debug|Any CPU.ActiveCfg = Debug|Any CPU
		{FD125858-C4F0-4AC7-AA92-3F7557041381}.Debug|Any CPU.Build.0 = Debug|Any CPU
		{FD125858-C4F0-4AC7-AA92-3F7557041381}.Release|Any CPU.ActiveCfg = Release|Any CPU
		{FD125858-C4F0-4AC7-AA92-3F7557041381}.Release|Any CPU.Build.0 = Release|Any CPU
	EndGlobalSection
	GlobalSection(SolutionProperties) = preSolution
		HideSolutionNode = FALSE
	EndGlobalSection
	GlobalSection(ExtensibilityGlobals) = postSolution
		SolutionGuid = {37A98E8F-83CE-4419-8D95-F57A3C31957A}
	EndGlobalSection
EndGlobal
